{
  "requires": true,
  "lockfileVersion": 1,
  "dependencies": {
    "node-restful": {
      "version": "0.2.6",
      "resolved": "https://registry.npmjs.org/node-restful/-/node-restful-0.2.6.tgz",
      "integrity": "sha1-Qqs63IwaX5TthkeZhF+O/jEeYy4=",
      "requires": {
        "underscore": "1.8.3"
      }
    },
    "underscore": {
      "version": "1.8.3",
      "resolved": "https://registry.npmjs.org/underscore/-/underscore-1.8.3.tgz",
      "integrity": "sha1-Tz+1OxBuYJf8+ctBCfKl6b36UCI="
    }
  }
}
